// !$*UTF8*$!
{
	archiveVersion = 1;
	classes = {
	};
	objectVersion = 42;
	objects = {

/* Begin PBXBuildFile section */
		002F39FA09D0881F00EBEB88 /* SDL.framework in Frameworks */ = {isa = PBXBuildFile; fileRef = 002F39F909D0881F00EBEB88 /* SDL.framework */; };
		002F3A0009D0884600EBEB88 /* SDL.framework in Copy Frameworks into .app bundle */ = {isa = PBXBuildFile; fileRef = 002F39F909D0881F00EBEB88 /* SDL.framework */; };
		002F3A2E09D0888800EBEB88 /* SDLMain.m in Sources */ = {isa = PBXBuildFile; fileRef = 002F3A2C09D0888800EBEB88 /* SDLMain.m */; };
		8D11072B0486CEB800E47090 /* InfoPlist.strings in Resources */ = {isa = PBXBuildFile; fileRef = 089C165CFE840E0CC02AAC07 /* InfoPlist.strings */; };
		8D11072F0486CEB800E47090 /* Cocoa.framework in Frameworks */ = {isa = PBXBuildFile; fileRef = 1058C7A1FEA54F0111CA2CBB /* Cocoa.framework */; };
		C45603E81551AB9100EE1D9A /* game.c in Sources */ = {isa = PBXBuildFile; fileRef = C45603D81551AB9100EE1D9A /* game.c */; };
		C45603E91551AB9100EE1D9A /* hs.c in Sources */ = {isa = PBXBuildFile; fileRef = C45603DA1551AB9100EE1D9A /* hs.c */; };
		C45603EA1551AB9100EE1D9A /* hspick.c in Sources */ = {isa = PBXBuildFile; fileRef = C45603DC1551AB9100EE1D9A /* hspick.c */; };
		C45603EB1551AB9100EE1D9A /* keyconf.c in Sources */ = {isa = PBXBuildFile; fileRef = C45603DE1551AB9100EE1D9A /* keyconf.c */; };
		C45603EC1551AB9100EE1D9A /* main.c in Sources */ = {isa = PBXBuildFile; fileRef = C45603E01551AB9100EE1D9A /* main.c */; };
		C45603ED1551AB9100EE1D9A /* menu.c in Sources */ = {isa = PBXBuildFile; fileRef = C45603E21551AB9100EE1D9A /* menu.c */; };
		C45603EE1551AB9100EE1D9A /* title.c in Sources */ = {isa = PBXBuildFile; fileRef = C45603E41551AB9100EE1D9A /* title.c */; };
		C45603EF1551AB9100EE1D9A /* winlose.c in Sources */ = {isa = PBXBuildFile; fileRef = C45603E61551AB9100EE1D9A /* winlose.c */; };
		C45607781551AC2500EE1D9A /* audio in Resources */ = {isa = PBXBuildFile; fileRef = C45606441551AC2500EE1D9A /* audio */; };
		C45607791551AC2500EE1D9A /* data in Resources */ = {isa = PBXBuildFile; fileRef = C45606621551AC2500EE1D9A /* data */; };
		C456077A1551AC2500EE1D9A /* img in Resources */ = {isa = PBXBuildFile; fileRef = C45606701551AC2500EE1D9A /* img */; };
		C45CE896155186D400EF4B94 /* SDL_image.framework in Frameworks */ = {isa = PBXBuildFile; fileRef = C45CE895155186D400EF4B94 /* SDL_image.framework */; };
		C45CE8A8155186E700EF4B94 /* SDL_image.framework in Copy Frameworks into .app bundle */ = {isa = PBXBuildFile; fileRef = C45CE895155186D400EF4B94 /* SDL_image.framework */; };
		C45CE8B01551872700EF4B94 /* SDL_mixer.framework in Frameworks */ = {isa = PBXBuildFile; fileRef = C45CE8AF1551872700EF4B94 /* SDL_mixer.framework */; };
		C45CE8B41551872900EF4B94 /* SDL_mixer.framework in Copy Frameworks into .app bundle */ = {isa = PBXBuildFile; fileRef = C45CE8AF1551872700EF4B94 /* SDL_mixer.framework */; };
		C4B3934715518AD20078D5D6 /* icon.icns in Resources */ = {isa = PBXBuildFile; fileRef = C4B3923C15518ACC0078D5D6 /* icon.icns */; };
/* End PBXBuildFile section */

/* Begin PBXCopyFilesBuildPhase section */
		002F39FD09D0883400EBEB88 /* Copy Frameworks into .app bundle */ = {
			isa = PBXCopyFilesBuildPhase;
			buildActionMask = 2147483647;
			dstPath = "";
			dstSubfolderSpec = 10;
			files = (
				C45CE8B41551872900EF4B94 /* SDL_mixer.framework in Copy Frameworks into .app bundle */,
				C45CE8A8155186E700EF4B94 /* SDL_image.framework in Copy Frameworks into .app bundle */,
				002F3A0009D0884600EBEB88 /* SDL.framework in Copy Frameworks into .app bundle */,
			);
			name = "Copy Frameworks into .app bundle";
			runOnlyForDeploymentPostprocessing = 0;
		};
/* End PBXCopyFilesBuildPhase section */

/* Begin PBXFileReference section */
		002F39F909D0881F00EBEB88 /* SDL.framework */ = {isa = PBXFileReference; lastKnownFileType = wrapper.framework; name = SDL.framework; path = /Library/Frameworks/SDL.framework; sourceTree = "<absolute>"; };
		002F3A2B09D0888800EBEB88 /* SDLMain.h */ = {isa = PBXFileReference; fileEncoding = 30; lastKnownFileType = sourcecode.c.h; path = SDLMain.h; sourceTree = SOURCE_ROOT; };
		002F3A2C09D0888800EBEB88 /* SDLMain.m */ = {isa = PBXFileReference; fileEncoding = 30; lastKnownFileType = sourcecode.c.objc; path = SDLMain.m; sourceTree = SOURCE_ROOT; };
		089C165DFE840E0CC02AAC07 /* English */ = {isa = PBXFileReference; fileEncoding = 10; lastKnownFileType = text.plist.strings; name = English; path = English.lproj/InfoPlist.strings; sourceTree = "<group>"; };
		1058C7A1FEA54F0111CA2CBB /* Cocoa.framework */ = {isa = PBXFileReference; lastKnownFileType = wrapper.framework; name = Cocoa.framework; path = /System/Library/Frameworks/Cocoa.framework; sourceTree = "<absolute>"; };
		29B97324FDCFA39411CA2CEA /* AppKit.framework */ = {isa = PBXFileReference; lastKnownFileType = wrapper.framework; name = AppKit.framework; path = /System/Library/Frameworks/AppKit.framework; sourceTree = "<absolute>"; };
		29B97325FDCFA39411CA2CEA /* Foundation.framework */ = {isa = PBXFileReference; lastKnownFileType = wrapper.framework; name = Foundation.framework; path = /System/Library/Frameworks/Foundation.framework; sourceTree = "<absolute>"; };
		32CA4F630368D1EE00C91783 /* Timewave_Prefix.pch */ = {isa = PBXFileReference; fileEncoding = 4; lastKnownFileType = sourcecode.c.h; path = Timewave_Prefix.pch; sourceTree = "<group>"; };
		8D1107310486CEB800E47090 /* Info.plist */ = {isa = PBXFileReference; fileEncoding = 4; lastKnownFileType = text.plist; path = Info.plist; sourceTree = "<group>"; };
		8D1107320486CEB800E47090 /* Timewave.app */ = {isa = PBXFileReference; explicitFileType = wrapper.application; includeInIndex = 0; path = Timewave.app; sourceTree = BUILT_PRODUCTS_DIR; };
		C45603D71551AB9100EE1D9A /* common.h */ = {isa = PBXFileReference; fileEncoding = 4; lastKnownFileType = sourcecode.c.h; name = common.h; path = ../common.h; sourceTree = SOURCE_ROOT; };
		C45603D81551AB9100EE1D9A /* game.c */ = {isa = PBXFileReference; fileEncoding = 4; lastKnownFileType = sourcecode.c.c; name = game.c; path = ../game.c; sourceTree = SOURCE_ROOT; };
		C45603D91551AB9100EE1D9A /* game.h */ = {isa = PBXFileReference; fileEncoding = 4; lastKnownFileType = sourcecode.c.h; name = game.h; path = ../game.h; sourceTree = SOURCE_ROOT; };
		C45603DA1551AB9100EE1D9A /* hs.c */ = {isa = PBXFileReference; fileEncoding = 4; lastKnownFileType = sourcecode.c.c; name = hs.c; path = ../hs.c; sourceTree = SOURCE_ROOT; };
		C45603DB1551AB9100EE1D9A /* hs.h */ = {isa = PBXFileReference; fileEncoding = 4; lastKnownFileType = sourcecode.c.h; name = hs.h; path = ../hs.h; sourceTree = SOURCE_ROOT; };
		C45603DC1551AB9100EE1D9A /* hspick.c */ = {isa = PBXFileReference; fileEncoding = 4; lastKnownFileType = sourcecode.c.c; name = hspick.c; path = ../hspick.c; sourceTree = SOURCE_ROOT; };
		C45603DD1551AB9100EE1D9A /* hspick.h */ = {isa = PBXFileReference; fileEncoding = 4; lastKnownFileType = sourcecode.c.h; name = hspick.h; path = ../hspick.h; sourceTree = SOURCE_ROOT; };
		C45603DE1551AB9100EE1D9A /* keyconf.c */ = {isa = PBXFileReference; fileEncoding = 4; lastKnownFileType = sourcecode.c.c; name = keyconf.c; path = ../keyconf.c; sourceTree = SOURCE_ROOT; };
		C45603DF1551AB9100EE1D9A /* keyconf.h */ = {isa = PBXFileReference; fileEncoding = 4; lastKnownFileType = sourcecode.c.h; name = keyconf.h; path = ../keyconf.h; sourceTree = SOURCE_ROOT; };
		C45603E01551AB9100EE1D9A /* main.c */ = {isa = PBXFileReference; fileEncoding = 4; lastKnownFileType = sourcecode.c.c; name = main.c; path = ../main.c; sourceTree = SOURCE_ROOT; };
		C45603E11551AB9100EE1D9A /* main.h */ = {isa = PBXFileReference; fileEncoding = 4; lastKnownFileType = sourcecode.c.h; name = main.h; path = ../main.h; sourceTree = SOURCE_ROOT; };
		C45603E21551AB9100EE1D9A /* menu.c */ = {isa = PBXFileReference; fileEncoding = 4; lastKnownFileType = sourcecode.c.c; name = menu.c; path = ../menu.c; sourceTree = SOURCE_ROOT; };
		C45603E31551AB9100EE1D9A /* menu.h */ = {isa = PBXFileReference; fileEncoding = 4; lastKnownFileType = sourcecode.c.h; name = menu.h; path = ../menu.h; sourceTree = SOURCE_ROOT; };
		C45603E41551AB9100EE1D9A /* title.c */ = {isa = PBXFileReference; fileEncoding = 4; lastKnownFileType = sourcecode.c.c; name = title.c; path = ../title.c; sourceTree = SOURCE_ROOT; };
		C45603E51551AB9100EE1D9A /* title.h */ = {isa = PBXFileReference; fileEncoding = 4; lastKnownFileType = sourcecode.c.h; name = title.h; path = ../title.h; sourceTree = SOURCE_ROOT; };
		C45603E61551AB9100EE1D9A /* winlose.c */ = {isa = PBXFileReference; fileEncoding = 4; lastKnownFileType = sourcecode.c.c; name = winlose.c; path = ../winlose.c; sourceTree = SOURCE_ROOT; };
		C45603E71551AB9100EE1D9A /* winlose.h */ = {isa = PBXFileReference; fileEncoding = 4; lastKnownFileType = sourcecode.c.h; name = winlose.h; path = ../winlose.h; sourceTree = SOURCE_ROOT; };
		C45606441551AC2500EE1D9A /* audio */ = {isa = PBXFileReference; lastKnownFileType = folder; name = audio; path = ../audio; sourceTree = SOURCE_ROOT; };
		C45606621551AC2500EE1D9A /* data */ = {isa = PBXFileReference; lastKnownFileType = folder; name = data; path = ../data; sourceTree = SOURCE_ROOT; };
		C45606701551AC2500EE1D9A /* img */ = {isa = PBXFileReference; lastKnownFileType = folder; name = img; path = ../img; sourceTree = SOURCE_ROOT; };
		C45CE895155186D400EF4B94 /* SDL_image.framework */ = {isa = PBXFileReference; lastKnownFileType = wrapper.framework; name = SDL_image.framework; path = /Library/Frameworks/SDL_image.framework; sourceTree = "<absolute>"; };
		C45CE8AF1551872700EF4B94 /* SDL_mixer.framework */ = {isa = PBXFileReference; lastKnownFileType = wrapper.framework; name = SDL_mixer.framework; path = /Library/Frameworks/SDL_mixer.framework; sourceTree = "<absolute>"; };
		C4B391D1155189FB0078D5D6 /* CoreFoundation.framework */ = {isa = PBXFileReference; lastKnownFileType = wrapper.framework; name = CoreFoundation.framework; path = /System/Library/Frameworks/CoreFoundation.framework; sourceTree = "<absolute>"; };
		C4B3923C15518ACC0078D5D6 /* icon.icns */ = {isa = PBXFileReference; lastKnownFileType = image.icns; path = icon.icns; sourceTree = "<group>"; };
/* End PBXFileReference section */

/* Begin PBXFrameworksBuildPhase section */
		8D11072E0486CEB800E47090 /* Frameworks */ = {
			isa = PBXFrameworksBuildPhase;
			buildActionMask = 2147483647;
			files = (
				002F39FA09D0881F00EBEB88 /* SDL.framework in Frameworks */,
				8D11072F0486CEB800E47090 /* Cocoa.framework in Frameworks */,
				C45CE896155186D400EF4B94 /* SDL_image.framework in Frameworks */,
				C45CE8B01551872700EF4B94 /* SDL_mixer.framework in Frameworks */,
			);
			runOnlyForDeploymentPostprocessing = 0;
		};
/* End PBXFrameworksBuildPhase section */

/* Begin PBXGroup section */
		080E96DDFE201D6D7F000001 /* Classes */ = {
			isa = PBXGroup;
			children = (
				002F3A2B09D0888800EBEB88 /* SDLMain.h */,
				002F3A2C09D0888800EBEB88 /* SDLMain.m */,
			);
			name = Classes;
			sourceTree = "<group>";
		};
		1058C7A0FEA54F0111CA2CBB /* Linked Frameworks */ = {
			isa = PBXGroup;
			children = (
				C45CE8AF1551872700EF4B94 /* SDL_mixer.framework */,
				C45CE895155186D400EF4B94 /* SDL_image.framework */,
				002F39F909D0881F00EBEB88 /* SDL.framework */,
				1058C7A1FEA54F0111CA2CBB /* Cocoa.framework */,
			);
			name = "Linked Frameworks";
			sourceTree = "<group>";
		};
		1058C7A2FEA54F0111CA2CBB /* Other Frameworks */ = {
			isa = PBXGroup;
			children = (
				C4B391D1155189FB0078D5D6 /* CoreFoundation.framework */,
				29B97324FDCFA39411CA2CEA /* AppKit.framework */,
				29B97325FDCFA39411CA2CEA /* Foundation.framework */,
			);
			name = "Other Frameworks";
			sourceTree = "<group>";
		};
		19C28FACFE9D520D11CA2CBB /* Products */ = {
			isa = PBXGroup;
			children = (
				8D1107320486CEB800E47090 /* Timewave.app */,
			);
			name = Products;
			sourceTree = "<group>";
		};
		29B97314FDCFA39411CA2CEA /* Timewave */ = {
			isa = PBXGroup;
			children = (
				080E96DDFE201D6D7F000001 /* Classes */,
				29B97315FDCFA39411CA2CEA /* Other Sources */,
				29B97317FDCFA39411CA2CEA /* Resources */,
				29B97323FDCFA39411CA2CEA /* Frameworks */,
				19C28FACFE9D520D11CA2CBB /* Products */,
			);
			name = Timewave;
			sourceTree = "<group>";
		};
		29B97315FDCFA39411CA2CEA /* Other Sources */ = {
			isa = PBXGroup;
			children = (
				C45603D71551AB9100EE1D9A /* common.h */,
				C45603D81551AB9100EE1D9A /* game.c */,
				C45603D91551AB9100EE1D9A /* game.h */,
				C45603DA1551AB9100EE1D9A /* hs.c */,
				C45603DB1551AB9100EE1D9A /* hs.h */,
				C45603DC1551AB9100EE1D9A /* hspick.c */,
				C45603DD1551AB9100EE1D9A /* hspick.h */,
				C45603DE1551AB9100EE1D9A /* keyconf.c */,
				C45603DF1551AB9100EE1D9A /* keyconf.h */,
				C45603E01551AB9100EE1D9A /* main.c */,
				C45603E11551AB9100EE1D9A /* main.h */,
				C45603E21551AB9100EE1D9A /* menu.c */,
				C45603E31551AB9100EE1D9A /* menu.h */,
				C45603E41551AB9100EE1D9A /* title.c */,
				C45603E51551AB9100EE1D9A /* title.h */,
				C45603E61551AB9100EE1D9A /* winlose.c */,
				C45603E71551AB9100EE1D9A /* winlose.h */,
				32CA4F630368D1EE00C91783 /* Timewave_Prefix.pch */,
			);
			name = "Other Sources";
			sourceTree = "<group>";
		};
		29B97317FDCFA39411CA2CEA /* Resources */ = {
			isa = PBXGroup;
			children = (
				C45606441551AC2500EE1D9A /* audio */,
				C45606621551AC2500EE1D9A /* data */,
				C45606701551AC2500EE1D9A /* img */,
				C4B3923C15518ACC0078D5D6 /* icon.icns */,
				8D1107310486CEB800E47090 /* Info.plist */,
				089C165CFE840E0CC02AAC07 /* InfoPlist.strings */,
			);
			name = Resources;
			sourceTree = "<group>";
		};
		29B97323FDCFA39411CA2CEA /* Frameworks */ = {
			isa = PBXGroup;
			children = (
				1058C7A0FEA54F0111CA2CBB /* Linked Frameworks */,
				1058C7A2FEA54F0111CA2CBB /* Other Frameworks */,
			);
			name = Frameworks;
			sourceTree = "<group>";
		};
/* End PBXGroup section */

/* Begin PBXNativeTarget section */
		8D1107260486CEB800E47090 /* Timewave */ = {
			isa = PBXNativeTarget;
			buildConfigurationList = C01FCF4A08A954540054247B /* Build configuration list for PBXNativeTarget "Timewave" */;
			buildPhases = (
				8D1107290486CEB800E47090 /* Resources */,
				8D11072C0486CEB800E47090 /* Sources */,
				8D11072E0486CEB800E47090 /* Frameworks */,
				002F39FD09D0883400EBEB88 /* Copy Frameworks into .app bundle */,
			);
			buildRules = (
			);
			dependencies = (
			);
			name = Timewave;
			productInstallPath = "$(HOME)/Applications";
			productName = Timewave;
			productReference = 8D1107320486CEB800E47090 /* Timewave.app */;
			productType = "com.apple.product-type.application";
		};
/* End PBXNativeTarget section */

/* Begin PBXProject section */
		29B97313FDCFA39411CA2CEA /* Project object */ = {
			isa = PBXProject;
			buildConfigurationList = C01FCF4E08A954540054247B /* Build configuration list for PBXProject "Timewave" */;
			compatibilityVersion = "Xcode 2.4";
			hasScannedForEncodings = 1;
			mainGroup = 29B97314FDCFA39411CA2CEA /* Timewave */;
			projectDirPath = "";
			projectRoot = "";
			targets = (
				8D1107260486CEB800E47090 /* Timewave */,
			);
		};
/* End PBXProject section */

/* Begin PBXResourcesBuildPhase section */
		8D1107290486CEB800E47090 /* Resources */ = {
			isa = PBXResourcesBuildPhase;
			buildActionMask = 2147483647;
			files = (
				8D11072B0486CEB800E47090 /* InfoPlist.strings in Resources */,
				C4B3934715518AD20078D5D6 /* icon.icns in Resources */,
				C45607781551AC2500EE1D9A /* audio in Resources */,
				C45607791551AC2500EE1D9A /* data in Resources */,
				C456077A1551AC2500EE1D9A /* img in Resources */,
			);
			runOnlyForDeploymentPostprocessing = 0;
		};
/* End PBXResourcesBuildPhase section */

/* Begin PBXSourcesBuildPhase section */
		8D11072C0486CEB800E47090 /* Sources */ = {
			isa = PBXSourcesBuildPhase;
			buildActionMask = 2147483647;
			files = (
				002F3A2E09D0888800EBEB88 /* SDLMain.m in Sources */,
				C45603E81551AB9100EE1D9A /* game.c in Sources */,
				C45603E91551AB9100EE1D9A /* hs.c in Sources */,
				C45603EA1551AB9100EE1D9A /* hspick.c in Sources */,
				C45603EB1551AB9100EE1D9A /* keyconf.c in Sources */,
				C45603EC1551AB9100EE1D9A /* main.c in Sources */,
				C45603ED1551AB9100EE1D9A /* menu.c in Sources */,
				C45603EE1551AB9100EE1D9A /* title.c in Sources */,
				C45603EF1551AB9100EE1D9A /* winlose.c in Sources */,
			);
			runOnlyForDeploymentPostprocessing = 0;
		};
/* End PBXSourcesBuildPhase section */

/* Begin PBXVariantGroup section */
		089C165CFE840E0CC02AAC07 /* InfoPlist.strings */ = {
			isa = PBXVariantGroup;
			children = (
				089C165DFE840E0CC02AAC07 /* English */,
			);
			name = InfoPlist.strings;
			sourceTree = "<group>";
		};
/* End PBXVariantGroup section */

/* Begin XCBuildConfiguration section */
		C01FCF4B08A954540054247B /* Debug */ = {
			isa = XCBuildConfiguration;
			buildSettings = {
				COPY_PHASE_STRIP = NO;
				GCC_DYNAMIC_NO_PIC = NO;
				GCC_ENABLE_FIX_AND_CONTINUE = YES;
				GCC_MODEL_TUNING = G5;
				GCC_OPTIMIZATION_LEVEL = 0;
				GCC_PRECOMPILE_PREFIX_HEADER = YES;
				GCC_PREFIX_HEADER = Timewave_Prefix.pch;
				INFOPLIST_FILE = Info.plist;
				INSTALL_PATH = "$(HOME)/Applications";
				PRODUCT_NAME = Timewave;
				WRAPPER_EXTENSION = app;
			};
			name = Debug;
		};
		C01FCF4C08A954540054247B /* Release */ = {
			isa = XCBuildConfiguration;
			buildSettings = {
				GCC_GENERATE_DEBUGGING_SYMBOLS = NO;
				GCC_MODEL_TUNING = G5;
				GCC_PRECOMPILE_PREFIX_HEADER = YES;
				GCC_PREFIX_HEADER = Timewave_Prefix.pch;
				INFOPLIST_FILE = Info.plist;
				INSTALL_PATH = "$(HOME)/Applications";
				PRODUCT_NAME = Timewave;
				WRAPPER_EXTENSION = app;
			};
			name = Release;
		};
		C01FCF4F08A954540054247B /* Debug */ = {
			isa = XCBuildConfiguration;
			buildSettings = {
				ARCHS = "$(ARCHS_STANDARD_32_BIT_PRE_XCODE_3_1)";
				ARCHS_STANDARD_32_BIT_PRE_XCODE_3_1 = "ppc i386";
				FRAMEWORK_SEARCH_PATHS = (
					"$(HOME)/Library/Frameworks",
					/Library/Frameworks,
					"$(FRAMEWORK_SEARCH_PATHS)",
				);
				GCC_VERSION = 4.0;
				GCC_WARN_ABOUT_RETURN_TYPE = YES;
				GCC_WARN_UNUSED_VARIABLE = YES;
				HEADER_SEARCH_PATHS = (
					"$(HOME)/Library/Frameworks/SDL.framework/Headers",
					/Library/Frameworks/SDL.framework/Headers,
					"$(HEADER_SEARCH_PATHS)",
				);
				PREBINDING = NO;
				SDKROOT = /Developer/SDKs/MacOSX10.4u.sdk;
				VALID_ARCHS = "i386 ppc ppc64 ppc7400 ppc970 x86_64";
			};
			name = Debug;
		};
		C01FCF5008A954540054247B /* Release */ = {
			isa = XCBuildConfiguration;
			buildSettings = {
				ARCHS = "$(ARCHS_STANDARD_32_BIT_PRE_XCODE_3_1)";
				ARCHS_STANDARD_32_BIT_PRE_XCODE_3_1 = "ppc i386";
				COPY_PHASE_STRIP = YES;
				FRAMEWORK_SEARCH_PATHS = (
					"$(HOME)/Library/Frameworks",
					/Library/Frameworks,
					"$(FRAMEWORK_SEARCH_PATHS)",
				);
				GCC_VERSION = 4.0;
				GCC_WARN_ABOUT_RETURN_TYPE = YES;
				GCC_WARN_UNUSED_VARIABLE = YES;
				HEADER_SEARCH_PATHS = (
					"$(HOME)/Library/Frameworks/SDL.framework/Headers",
					/Library/Frameworks/SDL.framework/Headers,
					"$(HEADER_SEARCH_PATHS)",
				);
				PREBINDING = NO;
				SDKROOT = /Developer/SDKs/MacOSX10.4u.sdk;
				SEPARATE_STRIP = NO;
				STRIP_STYLE = all;
				VALID_ARCHS = "i386 ppc ppc64 ppc7400 ppc970 x86_64";
			};
			name = Release;
		};
/* End XCBuildConfiguration section */

/* Begin XCConfigurationList section */
		C01FCF4A08A954540054247B /* Build configuration list for PBXNativeTarget "Timewave" */ = {
			isa = XCConfigurationList;
			buildConfigurations = (
				C01FCF4B08A954540054247B /* Debug */,
				C01FCF4C08A954540054247B /* Release */,
			);
			defaultConfigurationIsVisible = 0;
			defaultConfigurationName = Release;
		};
		C01FCF4E08A954540054247B /* Build configuration list for PBXProject "Timewave" */ = {
			isa = XCConfigurationList;
			buildConfigurations = (
				C01FCF4F08A954540054247B /* Debug */,
				C01FCF5008A954540054247B /* Release */,
			);
			defaultConfigurationIsVisible = 0;
			defaultConfigurationName = Release;
		};
/* End XCConfigurationList section */
	};
	rootObject = 29B97313FDCFA39411CA2CEA /* Project object */;
}
